
Microsoft Visual Studio Solution File, Format Version 12.00
# Visual Studio Version 17
VisualStudioVersion = 17.14.36414.22 d17.14
MinimumVisualStudioVersion = 10.0.40219.1
Project("{FAE04EC0-301F-11D3-BF4B-00C04F79EFBC}") = "game-10003-the-maze-game", "game-10003-the-maze-game.csproj", "{AE2575B6-2886-4D21-83EB-2E3038F122A8}"
EndProject
Global
	GlobalSection(SolutionConfigurationPlatforms) = preSolution
		Debug|Any CPU = Debug|Any CPU
		Release|Any CPU = Release|Any CPU
	EndGlobalSection
	GlobalSection(ProjectConfigurationPlatforms) = postSolution
		{AE2575B6-2886-4D21-83EB-2E3038F122A8}.Debug|Any CPU.ActiveCfg = Debug|Any CPU
		{AE2575B6-2886-4D21-83EB-2E3038F122A8}.Debug|Any CPU.Build.0 = Debug|Any CPU
		{AE2575B6-2886-4D21-83EB-2E3038F122A8}.Release|Any CPU.ActiveCfg = Release|Any CPU
		{AE2575B6-2886-4D21-83EB-2E3038F122A8}.Release|Any CPU.Build.0 = Release|Any CPU
	EndGlobalSection
	GlobalSection(SolutionProperties) = preSolution
		HideSolutionNode = FALSE
	EndGlobalSection
	GlobalSection(ExtensibilityGlobals) = postSolution
		SolutionGuid = {9FA557B6-2387-4BA6-8D90-7B1F77E7E1F3}
	EndGlobalSection
EndGlobal
