
Microsoft Visual Studio Solution File, Format Version 12.00
# Visual Studio Version 17
VisualStudioVersion = 17.14.36414.22 d17.14
MinimumVisualStudioVersion = 10.0.40219.1
Project("{FAE04EC0-301F-11D3-BF4B-00C04F79EFBC}") = "Game-10003-Assignment-4-Collaborative-2D-Game-Project", "Game-10003-Assignment-4-Collaborative-2D-Game-Project.csproj", "{7BFFF5A6-3140-47A9-96DB-2BB9BE04326A}"
EndProject
Global
	GlobalSection(SolutionConfigurationPlatforms) = preSolution
		Debug|Any CPU = Debug|Any CPU
		Release|Any CPU = Release|Any CPU
	EndGlobalSection
	GlobalSection(ProjectConfigurationPlatforms) = postSolution
		{7BFFF5A6-3140-47A9-96DB-2BB9BE04326A}.Debug|Any CPU.ActiveCfg = Debug|Any CPU
		{7BFFF5A6-3140-47A9-96DB-2BB9BE04326A}.Debug|Any CPU.Build.0 = Debug|Any CPU
		{7BFFF5A6-3140-47A9-96DB-2BB9BE04326A}.Release|Any CPU.ActiveCfg = Release|Any CPU
		{7BFFF5A6-3140-47A9-96DB-2BB9BE04326A}.Release|Any CPU.Build.0 = Release|Any CPU
	EndGlobalSection
	GlobalSection(SolutionProperties) = preSolution
		HideSolutionNode = FALSE
	EndGlobalSection
	GlobalSection(ExtensibilityGlobals) = postSolution
		SolutionGuid = {62711E50-C0A4-467C-9F2A-6FAF9E7EF326}
	EndGlobalSection
EndGlobal
